// !$*UTF8*$!
{
	archiveVersion = 1;
	classes = {
	};
	objectVersion = 50;
	objects = {

/* Begin PBXBuildFile section */
		8C425E09224574CF0059166C /* AppDelegate.swift in Sources */ = {isa = PBXBuildFile; fileRef = 8C425E08224574CF0059166C /* AppDelegate.swift */; };
		8C425E0B224574CF0059166C /* ViewController.swift in Sources */ = {isa = PBXBuildFile; fileRef = 8C425E0A224574CF0059166C /* ViewController.swift */; };
		8C425E0E224574CF0059166C /* Main.storyboard in Resources */ = {isa = PBXBuildFile; fileRef = 8C425E0C224574CF0059166C /* Main.storyboard */; };
		8C425E10224574D10059166C /* Assets.xcassets in Resources */ = {isa = PBXBuildFile; fileRef = 8C425E0F224574D10059166C /* Assets.xcassets */; };
		8C425E13224574D10059166C /* LaunchScreen.storyboard in Resources */ = {isa = PBXBuildFile; fileRef = 8C425E11224574D10059166C /* LaunchScreen.storyboard */; };
		B26079BE48EC6AF7A41A141A /* Pods_BranchOCR.framework in Frameworks */ = {isa = PBXBuildFile; fileRef = 490875530E6FA8DEF47CD89D /* Pods_BranchOCR.framework */; };
/* End PBXBuildFile section */

/* Begin PBXFileReference section */
		07B2ABC0DAB6B0753A6FACCD /* Pods-BranchOCR.debug.xcconfig */ = {isa = PBXFileReference; includeInIndex = 1; lastKnownFileType = text.xcconfig; name = "Pods-BranchOCR.debug.xcconfig"; path = "Pods/Target Support Files/Pods-BranchOCR/Pods-BranchOCR.debug.xcconfig"; sourceTree = "<group>"; };
		490875530E6FA8DEF47CD89D /* Pods_BranchOCR.framework */ = {isa = PBXFileReference; explicitFileType = wrapper.framework; includeInIndex = 0; path = Pods_BranchOCR.framework; sourceTree = BUILT_PRODUCTS_DIR; };
		61B880A7B9BE6DC41FC2BA76 /* Pods-BranchOCR.release.xcconfig */ = {isa = PBXFileReference; includeInIndex = 1; lastKnownFileType = text.xcconfig; name = "Pods-BranchOCR.release.xcconfig"; path = "Pods/Target Support Files/Pods-BranchOCR/Pods-BranchOCR.release.xcconfig"; sourceTree = "<group>"; };
		6CC3B1D0B87DB6B25B267C34 /* Pods-BranchOCR.release.xcconfig */ = {isa = PBXFileReference; includeInIndex = 1; lastKnownFileType = text.xcconfig; name = "Pods-BranchOCR.release.xcconfig"; path = "Target Support Files/Pods-BranchOCR/Pods-BranchOCR.release.xcconfig"; sourceTree = "<group>"; };
		8C425E05224574CF0059166C /* BranchOCR.app */ = {isa = PBXFileReference; explicitFileType = wrapper.application; includeInIndex = 0; path = BranchOCR.app; sourceTree = BUILT_PRODUCTS_DIR; };
		8C425E08224574CF0059166C /* AppDelegate.swift */ = {isa = PBXFileReference; lastKnownFileType = sourcecode.swift; path = AppDelegate.swift; sourceTree = "<group>"; };
		8C425E0A224574CF0059166C /* ViewController.swift */ = {isa = PBXFileReference; lastKnownFileType = sourcecode.swift; path = ViewController.swift; sourceTree = "<group>"; };
		8C425E0D224574CF0059166C /* Base */ = {isa = PBXFileReference; lastKnownFileType = file.storyboard; name = Base; path = Base.lproj/Main.storyboard; sourceTree = "<group>"; };
		8C425E0F224574D10059166C /* Assets.xcassets */ = {isa = PBXFileReference; lastKnownFileType = folder.assetcatalog; path = Assets.xcassets; sourceTree = "<group>"; };
		8C425E12224574D10059166C /* Base */ = {isa = PBXFileReference; lastKnownFileType = file.storyboard; name = Base; path = Base.lproj/LaunchScreen.storyboard; sourceTree = "<group>"; };
		8C425E14224574D10059166C /* Info.plist */ = {isa = PBXFileReference; lastKnownFileType = text.plist.xml; path = Info.plist; sourceTree = "<group>"; };
		E9F48795E9035F54F7164A3D /* Pods-BranchOCR.debug.xcconfig */ = {isa = PBXFileReference; includeInIndex = 1; lastKnownFileType = text.xcconfig; name = "Pods-BranchOCR.debug.xcconfig"; path = "Target Support Files/Pods-BranchOCR/Pods-BranchOCR.debug.xcconfig"; sourceTree = "<group>"; };
/* End PBXFileReference section */

/* Begin PBXFrameworksBuildPhase section */
		8C425E02224574CF0059166C /* Frameworks */ = {
			isa = PBXFrameworksBuildPhase;
			buildActionMask = 2147483647;
			files = (
				B26079BE48EC6AF7A41A141A /* Pods_BranchOCR.framework in Frameworks */,
			);
			runOnlyForDeploymentPostprocessing = 0;
		};
/* End PBXFrameworksBuildPhase section */

/* Begin PBXGroup section */
		550697FC077C546CC5C73E77 /* Frameworks */ = {
			isa = PBXGroup;
			children = (
				490875530E6FA8DEF47CD89D /* Pods_BranchOCR.framework */,
			);
			name = Frameworks;
			sourceTree = "<group>";
		};
		8C425DFC224574CF0059166C = {
			isa = PBXGroup;
			children = (
				8C425E07224574CF0059166C /* BranchOCR */,
				8C425E06224574CF0059166C /* Products */,
				F1C56D351C4D719C6B0B5FE9 /* Pods */,
				550697FC077C546CC5C73E77 /* Frameworks */,
			);
			sourceTree = "<group>";
		};
		8C425E06224574CF0059166C /* Products */ = {
			isa = PBXGroup;
			children = (
				8C425E05224574CF0059166C /* BranchOCR.app */,
			);
			name = Products;
			sourceTree = "<group>";
		};
		8C425E07224574CF0059166C /* BranchOCR */ = {
			isa = PBXGroup;
			children = (
				8C425E08224574CF0059166C /* AppDelegate.swift */,
				8C425E0A224574CF0059166C /* ViewController.swift */,
				8C425E0C224574CF0059166C /* Main.storyboard */,
				8C425E0F224574D10059166C /* Assets.xcassets */,
				8C425E11224574D10059166C /* LaunchScreen.storyboard */,
				8C425E14224574D10059166C /* Info.plist */,
			);
			path = BranchOCR;
			sourceTree = "<group>";
		};
		F1C56D351C4D719C6B0B5FE9 /* Pods */ = {
			isa = PBXGroup;
			children = (
				E9F48795E9035F54F7164A3D /* Pods-BranchOCR.debug.xcconfig */,
				6CC3B1D0B87DB6B25B267C34 /* Pods-BranchOCR.release.xcconfig */,
				07B2ABC0DAB6B0753A6FACCD /* Pods-BranchOCR.debug.xcconfig */,
				61B880A7B9BE6DC41FC2BA76 /* Pods-BranchOCR.release.xcconfig */,
			);
			name = Pods;
			path = Pods;
			sourceTree = "<group>";
		};
/* End PBXGroup section */

/* Begin PBXNativeTarget section */
		8C425E04224574CF0059166C /* BranchOCR */ = {
			isa = PBXNativeTarget;
			buildConfigurationList = 8C425E17224574D10059166C /* Build configuration list for PBXNativeTarget "BranchOCR" */;
			buildPhases = (
				14A88C7BB1CC99BCF421A7A1 /* [CP] Check Pods Manifest.lock */,
				8C425E01224574CF0059166C /* Sources */,
				8C425E02224574CF0059166C /* Frameworks */,
				8C425E03224574CF0059166C /* Resources */,
				67D7ADA2CD0465FA8EEBAC1E /* [CP] Embed Pods Frameworks */,
			);
			buildRules = (
			);
			dependencies = (
			);
			name = BranchOCR;
			productName = BranchOCR;
			productReference = 8C425E05224574CF0059166C /* BranchOCR.app */;
			productType = "com.apple.product-type.application";
		};
/* End PBXNativeTarget section */

/* Begin PBXProject section */
		8C425DFD224574CF0059166C /* Project object */ = {
			isa = PBXProject;
			attributes = {
				LastSwiftUpdateCheck = 1010;
				LastUpgradeCheck = 1010;
				ORGANIZATIONNAME = "Mike Horn";
				TargetAttributes = {
					8C425E04224574CF0059166C = {
						CreatedOnToolsVersion = 10.1;
					};
				};
			};
			buildConfigurationList = 8C425E00224574CF0059166C /* Build configuration list for PBXProject "BranchOCR" */;
			compatibilityVersion = "Xcode 9.3";
			developmentRegion = en;
			hasScannedForEncodings = 0;
			knownRegions = (
				en,
				Base,
			);
			mainGroup = 8C425DFC224574CF0059166C;
			productRefGroup = 8C425E06224574CF0059166C /* Products */;
			projectDirPath = "";
			projectRoot = "";
			targets = (
				8C425E04224574CF0059166C /* BranchOCR */,
			);
		};
/* End PBXProject section */

/* Begin PBXResourcesBuildPhase section */
		8C425E03224574CF0059166C /* Resources */ = {
			isa = PBXResourcesBuildPhase;
			buildActionMask = 2147483647;
			files = (
				8C425E13224574D10059166C /* LaunchScreen.storyboard in Resources */,
				8C425E10224574D10059166C /* Assets.xcassets in Resources */,
				8C425E0E224574CF0059166C /* Main.storyboard in Resources */,
			);
			runOnlyForDeploymentPostprocessing = 0;
		};
/* End PBXResourcesBuildPhase section */

/* Begin PBXShellScriptBuildPhase section */
		14A88C7BB1CC99BCF421A7A1 /* [CP] Check Pods Manifest.lock */ = {
			isa = PBXShellScriptBuildPhase;
			buildActionMask = 2147483647;
			files = (
			);
			inputFileListPaths = (
			);
			inputPaths = (
				"${PODS_PODFILE_DIR_PATH}/Podfile.lock",
				"${PODS_ROOT}/Manifest.lock",
			);
			name = "[CP] Check Pods Manifest.lock";
			outputFileListPaths = (
			);
			outputPaths = (
				"$(DERIVED_FILE_DIR)/Pods-BranchOCR-checkManifestLockResult.txt",
			);
			runOnlyForDeploymentPostprocessing = 0;
			shellPath = /bin/sh;
			shellScript = "diff \"${PODS_PODFILE_DIR_PATH}/Podfile.lock\" \"${PODS_ROOT}/Manifest.lock\" > /dev/null\nif [ $? != 0 ] ; then\n    # print error to STDERR\n    echo \"error: The sandbox is not in sync with the Podfile.lock. Run 'pod install' or update your CocoaPods installation.\" >&2\n    exit 1\nfi\n# This output is used by Xcode 'outputs' to avoid re-running this script phase.\necho \"SUCCESS\" > \"${SCRIPT_OUTPUT_FILE_0}\"\n";
			showEnvVarsInLog = 0;
		};
		67D7ADA2CD0465FA8EEBAC1E /* [CP] Embed Pods Frameworks */ = {
			isa = PBXShellScriptBuildPhase;
			buildActionMask = 2147483647;
			files = (
			);
			inputFileListPaths = (
			);
			inputPaths = (
				"${SRCROOT}/Pods/Target Support Files/Pods-BranchOCR/Pods-BranchOCR-frameworks.sh",
				"${BUILT_PRODUCTS_DIR}/GPUImage/GPUImage.framework",
				"${BUILT_PRODUCTS_DIR}/Realm/Realm.framework",
				"${BUILT_PRODUCTS_DIR}/RealmSwift/RealmSwift.framework",
				"${BUILT_PRODUCTS_DIR}/SwiftOCR/SwiftOCR.framework",
			);
			name = "[CP] Embed Pods Frameworks";
			outputFileListPaths = (
			);
			outputPaths = (
				"${TARGET_BUILD_DIR}/${FRAMEWORKS_FOLDER_PATH}/GPUImage.framework",
				"${TARGET_BUILD_DIR}/${FRAMEWORKS_FOLDER_PATH}/Realm.framework",
				"${TARGET_BUILD_DIR}/${FRAMEWORKS_FOLDER_PATH}/RealmSwift.framework",
				"${TARGET_BUILD_DIR}/${FRAMEWORKS_FOLDER_PATH}/SwiftOCR.framework",
			);
			runOnlyForDeploymentPostprocessing = 0;
			shellPath = /bin/sh;
			shellScript = "\"${SRCROOT}/Pods/Target Support Files/Pods-BranchOCR/Pods-BranchOCR-frameworks.sh\"\n";
			showEnvVarsInLog = 0;
		};
/* End PBXShellScriptBuildPhase section */

/* Begin PBXSourcesBuildPhase section */
		8C425E01224574CF0059166C /* Sources */ = {
			isa = PBXSourcesBuildPhase;
			buildActionMask = 2147483647;
			files = (
				8C425E0B224574CF0059166C /* ViewController.swift in Sources */,
				8C425E09224574CF0059166C /* AppDelegate.swift in Sources */,
			);
			runOnlyForDeploymentPostprocessing = 0;
		};
/* End PBXSourcesBuildPhase section */

/* Begin PBXVariantGroup section */
		8C425E0C224574CF0059166C /* Main.storyboard */ = {
			isa = PBXVariantGroup;
			children = (
				8C425E0D224574CF0059166C /* Base */,
			);
			name = Main.storyboard;
			sourceTree = "<group>";
		};
		8C425E11224574D10059166C /* LaunchScreen.storyboard */ = {
			isa = PBXVariantGroup;
			children = (
				8C425E12224574D10059166C /* Base */,
			);
			name = LaunchScreen.storyboard;
			sourceTree = "<group>";
		};
/* End PBXVariantGroup section */

/* Begin XCBuildConfiguration section */
		8C425E15224574D10059166C /* Debug */ = {
			isa = XCBuildConfiguration;
			buildSettings = {
				ALWAYS_SEARCH_USER_PATHS = NO;
				CLANG_ANALYZER_NONNULL = YES;
				CLANG_ANALYZER_NUMBER_OBJECT_CONVERSION = YES_AGGRESSIVE;
				CLANG_CXX_LANGUAGE_STANDARD = "gnu++14";
				CLANG_CXX_LIBRARY = "libc++";
				CLANG_ENABLE_MODULES = YES;
				CLANG_ENABLE_OBJC_ARC = YES;
				CLANG_ENABLE_OBJC_WEAK = YES;
				CLANG_WARN_BLOCK_CAPTURE_AUTORELEASING = YES;
				CLANG_WARN_BOOL_CONVERSION = YES;
				CLANG_WARN_COMMA = YES;
				CLANG_WARN_CONSTANT_CONVERSION = YES;
				CLANG_WARN_DEPRECATED_OBJC_IMPLEMENTATIONS = YES;
				CLANG_WARN_DIRECT_OBJC_ISA_USAGE = YES_ERROR;
				CLANG_WARN_DOCUMENTATION_COMMENTS = YES;
				CLANG_WARN_EMPTY_BODY = YES;
				CLANG_WARN_ENUM_CONVERSION = YES;
				CLANG_WARN_INFINITE_RECURSION = YES;
				CLANG_WARN_INT_CONVERSION = YES;
				CLANG_WARN_NON_LITERAL_NULL_CONVERSION = YES;
				CLANG_WARN_OBJC_IMPLICIT_RETAIN_SELF = YES;
				CLANG_WARN_OBJC_LITERAL_CONVERSION = YES;
				CLANG_WARN_OBJC_ROOT_CLASS = YES_ERROR;
				CLANG_WARN_RANGE_LOOP_ANALYSIS = YES;
				CLANG_WARN_STRICT_PROTOTYPES = YES;
				CLANG_WARN_SUSPICIOUS_MOVE = YES;
				CLANG_WARN_UNGUARDED_AVAILABILITY = YES_AGGRESSIVE;
				CLANG_WARN_UNREACHABLE_CODE = YES;
				CLANG_WARN__DUPLICATE_METHOD_MATCH = YES;
				CODE_SIGN_IDENTITY = "iPhone Developer";
				COPY_PHASE_STRIP = NO;
				DEBUG_INFORMATION_FORMAT = dwarf;
				ENABLE_STRICT_OBJC_MSGSEND = YES;
				ENABLE_TESTABILITY = YES;
				GCC_C_LANGUAGE_STANDARD = gnu11;
				GCC_DYNAMIC_NO_PIC = NO;
				GCC_NO_COMMON_BLOCKS = YES;
				GCC_OPTIMIZATION_LEVEL = 0;
				GCC_PREPROCESSOR_DEFINITIONS = (
					"DEBUG=1",
					"$(inherited)",
				);
				GCC_WARN_64_TO_32_BIT_CONVERSION = YES;
				GCC_WARN_ABOUT_RETURN_TYPE = YES_ERROR;
				GCC_WARN_UNDECLARED_SELECTOR = YES;
				GCC_WARN_UNINITIALIZED_AUTOS = YES_AGGRESSIVE;
				GCC_WARN_UNUSED_FUNCTION = YES;
				GCC_WARN_UNUSED_VARIABLE = YES;
				IPHONEOS_DEPLOYMENT_TARGET = 12.1;
				MTL_ENABLE_DEBUG_INFO = INCLUDE_SOURCE;
				MTL_FAST_MATH = YES;
				ONLY_ACTIVE_ARCH = YES;
				SDKROOT = iphoneos;
				SWIFT_ACTIVE_COMPILATION_CONDITIONS = DEBUG;
				SWIFT_OPTIMIZATION_LEVEL = "-Onone";
			};
			name = Debug;
		};
		8C425E16224574D10059166C /* Release */ = {
			isa = XCBuildConfiguration;
			buildSettings = {
				ALWAYS_SEARCH_USER_PATHS = NO;
				CLANG_ANALYZER_NONNULL = YES;
				CLANG_ANALYZER_NUMBER_OBJECT_CONVERSION = YES_AGGRESSIVE;
				CLANG_CXX_LANGUAGE_STANDARD = "gnu++14";
				CLANG_CXX_LIBRARY = "libc++";
				CLANG_ENABLE_MODULES = YES;
				CLANG_ENABLE_OBJC_ARC = YES;
				CLANG_ENABLE_OBJC_WEAK = YES;
				CLANG_WARN_BLOCK_CAPTURE_AUTORELEASING = YES;
				CLANG_WARN_BOOL_CONVERSION = YES;
				CLANG_WARN_COMMA = YES;
				CLANG_WARN_CONSTANT_CONVERSION = YES;
				CLANG_WARN_DEPRECATED_OBJC_IMPLEMENTATIONS = YES;
				CLANG_WARN_DIRECT_OBJC_ISA_USAGE = YES_ERROR;
				CLANG_WARN_DOCUMENTATION_COMMENTS = YES;
				CLANG_WARN_EMPTY_BODY = YES;
				CLANG_WARN_ENUM_CONVERSION = YES;
				CLANG_WARN_INFINITE_RECURSION = YES;
				CLANG_WARN_INT_CONVERSION = YES;
				CLANG_WARN_NON_LITERAL_NULL_CONVERSION = YES;
				CLANG_WARN_OBJC_IMPLICIT_RETAIN_SELF = YES;
				CLANG_WARN_OBJC_LITERAL_CONVERSION = YES;
				CLANG_WARN_OBJC_ROOT_CLASS = YES_ERROR;
				CLANG_WARN_RANGE_LOOP_ANALYSIS = YES;
				CLANG_WARN_STRICT_PROTOTYPES = YES;
				CLANG_WARN_SUSPICIOUS_MOVE = YES;
				CLANG_WARN_UNGUARDED_AVAILABILITY = YES_AGGRESSIVE;
				CLANG_WARN_UNREACHABLE_CODE = YES;
				CLANG_WARN__DUPLICATE_METHOD_MATCH = YES;
				CODE_SIGN_IDENTITY = "iPhone Developer";
				COPY_PHASE_STRIP = NO;
				DEBUG_INFORMATION_FORMAT = "dwarf-with-dsym";
				ENABLE_NS_ASSERTIONS = NO;
				ENABLE_STRICT_OBJC_MSGSEND = YES;
				GCC_C_LANGUAGE_STANDARD = gnu11;
				GCC_NO_COMMON_BLOCKS = YES;
				GCC_WARN_64_TO_32_BIT_CONVERSION = YES;
				GCC_WARN_ABOUT_RETURN_TYPE = YES_ERROR;
				GCC_WARN_UNDECLARED_SELECTOR = YES;
				GCC_WARN_UNINITIALIZED_AUTOS = YES_AGGRESSIVE;
				GCC_WARN_UNUSED_FUNCTION = YES;
				GCC_WARN_UNUSED_VARIABLE = YES;
				IPHONEOS_DEPLOYMENT_TARGET = 12.1;
				MTL_ENABLE_DEBUG_INFO = NO;
				MTL_FAST_MATH = YES;
				SDKROOT = iphoneos;
				SWIFT_COMPILATION_MODE = wholemodule;
				SWIFT_OPTIMIZATION_LEVEL = "-O";
				VALIDATE_PRODUCT = YES;
			};
			name = Release;
		};
		8C425E18224574D10059166C /* Debug */ = {
			isa = XCBuildConfiguration;
			baseConfigurationReference = 07B2ABC0DAB6B0753A6FACCD /* Pods-BranchOCR.debug.xcconfig */;
			buildSettings = {
				ASSETCATALOG_COMPILER_APPICON_NAME = AppIcon;
				CODE_SIGN_STYLE = Automatic;
				DEVELOPMENT_TEAM = V8RHQ7L5JP;
				INFOPLIST_FILE = BranchOCR/Info.plist;
				LD_RUNPATH_SEARCH_PATHS = (
					"$(inherited)",
					"@executable_path/Frameworks",
				);
				PRODUCT_BUNDLE_IDENTIFIER = nyc.mikehorn.BranchOCR;
				PRODUCT_NAME = "$(TARGET_NAME)";
				SWIFT_VERSION = 4.2;
				TARGETED_DEVICE_FAMILY = "1,2";
			};
			name = Debug;
		};
		8C425E19224574D10059166C /* Release */ = {
			isa = XCBuildConfiguration;
			baseConfigurationReference = 61B880A7B9BE6DC41FC2BA76 /* Pods-BranchOCR.release.xcconfig */;
			buildSettings = {
				ASSETCATALOG_COMPILER_APPICON_NAME = AppIcon;
				CODE_SIGN_STYLE = Automatic;
				DEVELOPMENT_TEAM = V8RHQ7L5JP;
				INFOPLIST_FILE = BranchOCR/Info.plist;
				LD_RUNPATH_SEARCH_PATHS = (
					"$(inherited)",
					"@executable_path/Frameworks",
				);
				PRODUCT_BUNDLE_IDENTIFIER = nyc.mikehorn.BranchOCR;
				PRODUCT_NAME = "$(TARGET_NAME)";
				SWIFT_VERSION = 4.2;
				TARGETED_DEVICE_FAMILY = "1,2";
			};
			name = Release;
		};
/* End XCBuildConfiguration section */

/* Begin XCConfigurationList section */
		8C425E00224574CF0059166C /* Build configuration list for PBXProject "BranchOCR" */ = {
			isa = XCConfigurationList;
			buildConfigurations = (
				8C425E15224574D10059166C /* Debug */,
				8C425E16224574D10059166C /* Release */,
			);
			defaultConfigurationIsVisible = 0;
			defaultConfigurationName = Release;
		};
		8C425E17224574D10059166C /* Build configuration list for PBXNativeTarget "BranchOCR" */ = {
			isa = XCConfigurationList;
			buildConfigurations = (
				8C425E18224574D10059166C /* Debug */,
				8C425E19224574D10059166C /* Release */,
			);
			defaultConfigurationIsVisible = 0;
			defaultConfigurationName = Release;
		};
/* End XCConfigurationList section */
	};
	rootObject = 8C425DFD224574CF0059166C /* Project object */;
}
